
Microsoft Visual Studio Solution File, Format Version 12.00
Project("{FAE04EC0-301F-11D3-BF4B-00C04F79EFBC}") = "ServiceA", "ServiceA\ServiceA.csproj", "{DBBFEAA1-6AAB-4236-9D2B-7D66F0B71173}"
EndProject
Project("{FAE04EC0-301F-11D3-BF4B-00C04F79EFBC}") = "ServiceB", "ServiceB\ServiceB.csproj", "{99228BE6-8CBE-472E-AF6A-BAB9940D2737}"
EndProject
Project("{FAE04EC0-301F-11D3-BF4B-00C04F79EFBC}") = "ServiceC", "ServiceC\ServiceC.csproj", "{D30A19EC-8724-4A90-BF02-11B7BCC7A975}"
EndProject
Global
	GlobalSection(SolutionConfigurationPlatforms) = preSolution
		Debug|Any CPU = Debug|Any CPU
		Release|Any CPU = Release|Any CPU
	EndGlobalSection
	GlobalSection(ProjectConfigurationPlatforms) = postSolution
		{DBBFEAA1-6AAB-4236-9D2B-7D66F0B71173}.Debug|Any CPU.ActiveCfg = Debug|Any CPU
		{DBBFEAA1-6AAB-4236-9D2B-7D66F0B71173}.Debug|Any CPU.Build.0 = Debug|Any CPU
		{DBBFEAA1-6AAB-4236-9D2B-7D66F0B71173}.Release|Any CPU.ActiveCfg = Release|Any CPU
		{DBBFEAA1-6AAB-4236-9D2B-7D66F0B71173}.Release|Any CPU.Build.0 = Release|Any CPU
		{99228BE6-8CBE-472E-AF6A-BAB9940D2737}.Debug|Any CPU.ActiveCfg = Debug|Any CPU
		{99228BE6-8CBE-472E-AF6A-BAB9940D2737}.Debug|Any CPU.Build.0 = Debug|Any CPU
		{99228BE6-8CBE-472E-AF6A-BAB9940D2737}.Release|Any CPU.ActiveCfg = Release|Any CPU
		{99228BE6-8CBE-472E-AF6A-BAB9940D2737}.Release|Any CPU.Build.0 = Release|Any CPU
		{D30A19EC-8724-4A90-BF02-11B7BCC7A975}.Debug|Any CPU.ActiveCfg = Debug|Any CPU
		{D30A19EC-8724-4A90-BF02-11B7BCC7A975}.Debug|Any CPU.Build.0 = Debug|Any CPU
		{D30A19EC-8724-4A90-BF02-11B7BCC7A975}.Release|Any CPU.ActiveCfg = Release|Any CPU
		{D30A19EC-8724-4A90-BF02-11B7BCC7A975}.Release|Any CPU.Build.0 = Release|Any CPU
	EndGlobalSection
EndGlobal
